<?xml version="1.0" encoding="utf-8"?>
<Project ToolsVersion="4.0" xmlns="http://schemas.microsoft.com/developer/msbuild/2003">
  <ItemGroup>
    <Filter Include="Header">
      <UniqueIdentifier>{93995380-89BD-4b04-88EB-625FBE52EBFB}</UniqueIdentifier>
      <Extensions>h;hpp;hxx;hm;inl;inc;xsd</Extensions>
    </Filter>
    <Filter Include="Source">
      <UniqueIdentifier>{4FC737F1-C7A5-4376-A066-2A32D752A2FF}</UniqueIdentifier>
      <Extensions>cpp;c;cc;cxx;def;odl;idl;hpj;bat;asm;asmx</Extensions>
    </Filter>
    <Filter Include="Resource">
      <UniqueIdentifier>{67DA6AB6-F800-4c08-8B7A-83BB121AAD01}</UniqueIdentifier>
      <Extensions>rc;ico;cur;bmp;dlg;rc2;rct;bin;rgs;gif;jpg;jpeg;jpe;resx;tiff;tif;png;wav</Extensions>
    </Filter>
  </ItemGroup>
  <ItemGroup>
    <ClCompile Include="Source\SDK_iFly737NG.cpp">
      <Filter>Source</Filter>
    </ClCompile>
    <ClCompile Include="Source\UIPCHello.c">
      <Filter>Source</Filter>
    </ClCompile>
    <ClCompile Include="Source\IFLY_NG_GAUGE_PLUGIN.AddIns.c">
      <Filter>Source</Filter>
    </ClCompile>
    <ClCompile Include="Source\IFLY_NG_GAUGE_PLUGIN.Sound.c">
      <Filter>Source</Filter>
    </ClCompile>
    <ClCompile Include="Source\IFLY_NG_GAUGE_PLUGIN.c">
      <Filter>Source</Filter>
    </ClCompile>
  </ItemGroup>
  <ItemGroup>
    <ClInclude Include="Header\SDK_FS.h">
      <Filter>Header</Filter>
    </ClInclude>
    <ClInclude Include="Header\SDK_iFly737NG.h">
      <Filter>Header</Filter>
    </ClInclude>
    <ClInclude Include="Header\FSUIPC_User.h">
      <Filter>Header</Filter>
    </ClInclude>
    <ClInclude Include="Header\fmod.h">
      <Filter>Header</Filter>
    </ClInclude>
    <ClInclude Include="Header\fmod_codec.h">
      <Filter>Header</Filter>
    </ClInclude>
    <ClInclude Include="Header\fmod_dsp.h">
      <Filter>Header</Filter>
    </ClInclude>
    <ClInclude Include="Header\fmod_errors.h">
      <Filter>Header</Filter>
    </ClInclude>
    <ClInclude Include="Header\fmod_memoryinfo.h">
      <Filter>Header</Filter>
    </ClInclude>
    <ClInclude Include="Header\IFLY_NG_GAUGE_PLUGIN.h">
      <Filter>Header</Filter>
    </ClInclude>
  </ItemGroup>
  <ItemGroup>
    <ResourceCompile Include="Header\SDK.rc">
      <Filter>Resource</Filter>
    </ResourceCompile>
  </ItemGroup>
</Project>